<?xml version="1.0" encoding="utf-8"?>
<Project ToolsVersion="4.0" xmlns="http://schemas.microsoft.com/developer/msbuild/2003">
  <ItemGroup>
    <Filter Include="Source Files">
      <UniqueIdentifier>{4FC737F1-C7A5-4376-A066-2A32D752A2FF}</UniqueIdentifier>
      <Extensions>cpp;c;cc;cxx;c++;cppm;ixx;def;odl;idl;hpj;bat;asm;asmx</Extensions>
    </Filter>
    <Filter Include="Header Files">
      <UniqueIdentifier>{93995380-89BD-4b04-88EB-625FBE52EBFB}</UniqueIdentifier>
      <Extensions>h;hh;hpp;hxx;h++;hm;inl;inc;ipp;xsd</Extensions>
    </Filter>
    <Filter Include="Resource Files">
      <UniqueIdentifier>{67DA6AB6-F800-4c08-8B7A-83BB121AAD01}</UniqueIdentifier>
      <Extensions>rc;ico;cur;bmp;dlg;rc2;rct;bin;rgs;gif;jpg;jpeg;jpe;resx;tiff;tif;png;wav;mfcribbon-ms</Extensions>
    </Filter>
  </ItemGroup>
  <ItemGroup>
    <ClCompile Include="main.cpp">
      <Filter>Source Files</Filter>
    </ClCompile>
    <ClCompile Include="World\Level1.cpp">
      <Filter>Source Files</Filter>
    </ClCompile>
    <ClCompile Include="World\WorldSuperClass.cpp">
      <Filter>Source Files</Filter>
    </ClCompile>
    <ClCompile Include="Body\ContactMechanic.cpp">
      <Filter>Source Files</Filter>
    </ClCompile>
    <ClCompile Include="Enemies\StaticEnemy.cpp">
      <Filter>Source Files</Filter>
    </ClCompile>
    <ClCompile Include="GameGrid\GameGrid.cpp">
      <Filter>Source Files</Filter>
    </ClCompile>
    <ClCompile Include="GameGrid\OutlineRect.cpp">
      <Filter>Source Files</Filter>
    </ClCompile>
    <ClCompile Include="Objects\CheckPoint.cpp">
      <Filter>Source Files</Filter>
    </ClCompile>
    <ClCompile Include="Objects\Collectable.cpp">
      <Filter>Source Files</Filter>
    </ClCompile>
    <ClCompile Include="Objects\Deflator.cpp">
      <Filter>Source Files</Filter>
    </ClCompile>
    <ClCompile Include="Objects\Inflator.cpp">
      <Filter>Source Files</Filter>
    </ClCompile>
    <ClCompile Include="Path\BouncyPath.cpp">
      <Filter>Source Files</Filter>
    </ClCompile>
    <ClCompile Include="Path\Path.cpp">
      <Filter>Source Files</Filter>
    </ClCompile>
    <ClCompile Include="Player\Rect.cpp">
      <Filter>Source Files</Filter>
    </ClCompile>
    <ClCompile Include="Resources\ResourceManager.cpp">
      <Filter>Source Files</Filter>
    </ClCompile>
    <ClCompile Include="States\MenuState\GameOver.cpp">
      <Filter>Source Files</Filter>
    </ClCompile>
    <ClCompile Include="States\MenuState\MainMenuState.cpp">
      <Filter>Source Files</Filter>
    </ClCompile>
    <ClCompile Include="States\MenuState\PauseState.cpp">
      <Filter>Source Files</Filter>
    </ClCompile>
    <ClCompile Include="States\StateManager.cpp">
      <Filter>Source Files</Filter>
    </ClCompile>
    <ClCompile Include="GameLoop.cpp">
      <Filter>Source Files</Filter>
    </ClCompile>
    <ClCompile Include="TileGrid\TileResource.cpp">
      <Filter>Source Files</Filter>
    </ClCompile>
  </ItemGroup>
  <ItemGroup>
    <ClInclude Include="StateObjects.h">
      <Filter>Header Files</Filter>
    </ClInclude>
    <ClInclude Include="World\Level1.h">
      <Filter>Header Files</Filter>
    </ClInclude>
    <ClInclude Include="World\WorldSuperClass.h">
      <Filter>Header Files</Filter>
    </ClInclude>
    <ClInclude Include="TileGrid\TileResource.h">
      <Filter>Header Files</Filter>
    </ClInclude>
    <ClInclude Include="Body\ContactMechanic.h">
      <Filter>Header Files</Filter>
    </ClInclude>
    <ClInclude Include="Body\GameShapes.h">
      <Filter>Header Files</Filter>
    </ClInclude>
    <ClInclude Include="Body\RigidBody.h">
      <Filter>Header Files</Filter>
    </ClInclude>
    <ClInclude Include="Enemies\StaticEnemy.h">
      <Filter>Header Files</Filter>
    </ClInclude>
    <ClInclude Include="GameGrid\GameGrid.h">
      <Filter>Header Files</Filter>
    </ClInclude>
    <ClInclude Include="GameGrid\OutlineRect.h">
      <Filter>Header Files</Filter>
    </ClInclude>
    <ClInclude Include="Objects\CheckPoint.h">
      <Filter>Header Files</Filter>
    </ClInclude>
    <ClInclude Include="Objects\Collectable.h">
      <Filter>Header Files</Filter>
    </ClInclude>
    <ClInclude Include="Objects\Deflator.h">
      <Filter>Header Files</Filter>
    </ClInclude>
    <ClInclude Include="Objects\Inflator.h">
      <Filter>Header Files</Filter>
    </ClInclude>
    <ClInclude Include="Path\BouncyPath.h">
      <Filter>Header Files</Filter>
    </ClInclude>
    <ClInclude Include="Path\Path.h">
      <Filter>Header Files</Filter>
    </ClInclude>
    <ClInclude Include="PhysicUtility\Utility.h">
      <Filter>Header Files</Filter>
    </ClInclude>
    <ClInclude Include="Player\Rect.h">
      <Filter>Header Files</Filter>
    </ClInclude>
    <ClInclude Include="Resources\ResourceManager.h">
      <Filter>Header Files</Filter>
    </ClInclude>
    <ClInclude Include="States\MenuState\GameOver.h">
      <Filter>Header Files</Filter>
    </ClInclude>
    <ClInclude Include="States\MenuState\MainMenuState.h">
      <Filter>Header Files</Filter>
    </ClInclude>
    <ClInclude Include="States\MenuState\PauseState.h">
      <Filter>Header Files</Filter>
    </ClInclude>
    <ClInclude Include="States\State.h">
      <Filter>Header Files</Filter>
    </ClInclude>
    <ClInclude Include="States\StateManager.h">
      <Filter>Header Files</Filter>
    </ClInclude>
    <ClInclude Include="GameLoop.h">
      <Filter>Header Files</Filter>
    </ClInclude>
  </ItemGroup>
</Project>